// !$*UTF8*$!
{
	archiveVersion = 1;
	classes = {
	};
	objectVersion = 51;
	objects = {

/* Begin PBXBuildFile section */
		C21AFAEB24CF15D200FED8E2 /* NestedJSONViewController.swift in Sources */ = {isa = PBXBuildFile; fileRef = C21AFAEA24CF15D200FED8E2 /* NestedJSONViewController.swift */; };
		C21AFAED24CF187200FED8E2 /* NestedJSONModel.swift in Sources */ = {isa = PBXBuildFile; fileRef = C21AFAEC24CF187200FED8E2 /* NestedJSONModel.swift */; };
		C21AFAEF24CF1E7500FED8E2 /* NestedJSONCell.swift in Sources */ = {isa = PBXBuildFile; fileRef = C21AFAEE24CF1E7500FED8E2 /* NestedJSONCell.swift */; };
		C2D6752F24CE32E50080E98F /* AppDelegate.swift in Sources */ = {isa = PBXBuildFile; fileRef = C2D6752E24CE32E50080E98F /* AppDelegate.swift */; };
		C2D6753124CE32E50080E98F /* SceneDelegate.swift in Sources */ = {isa = PBXBuildFile; fileRef = C2D6753024CE32E50080E98F /* SceneDelegate.swift */; };
		C2D6753324CE32E50080E98F /* MainViewController.swift in Sources */ = {isa = PBXBuildFile; fileRef = C2D6753224CE32E50080E98F /* MainViewController.swift */; };
		C2D6753624CE32E50080E98F /* Main.storyboard in Resources */ = {isa = PBXBuildFile; fileRef = C2D6753424CE32E50080E98F /* Main.storyboard */; };
		C2D6753824CE32E70080E98F /* Assets.xcassets in Resources */ = {isa = PBXBuildFile; fileRef = C2D6753724CE32E70080E98F /* Assets.xcassets */; };
		C2D6753B24CE32E70080E98F /* LaunchScreen.storyboard in Resources */ = {isa = PBXBuildFile; fileRef = C2D6753924CE32E70080E98F /* LaunchScreen.storyboard */; };
		C2DE161A24CF05A90018E941 /* ArrayJSONModel.swift in Sources */ = {isa = PBXBuildFile; fileRef = C2DE161924CF05A90018E941 /* ArrayJSONModel.swift */; };
		C2EA632524CEEF5000A62A9F /* SimpleJSONViewController.swift in Sources */ = {isa = PBXBuildFile; fileRef = C2EA632424CEEF5000A62A9F /* SimpleJSONViewController.swift */; };
		C2EA632824CEEFBC00A62A9F /* HttpRequestHelper.swift in Sources */ = {isa = PBXBuildFile; fileRef = C2EA632724CEEFBC00A62A9F /* HttpRequestHelper.swift */; };
		C2EA632A24CEF53A00A62A9F /* PrettyJSONHelper.swift in Sources */ = {isa = PBXBuildFile; fileRef = C2EA632924CEF53A00A62A9F /* PrettyJSONHelper.swift */; };
		C2EA632E24CEFA7800A62A9F /* ArrayJSONViewController.swift in Sources */ = {isa = PBXBuildFile; fileRef = C2EA632D24CEFA7800A62A9F /* ArrayJSONViewController.swift */; };
		C2EA633324CF013E00A62A9F /* ArrayJSONCell.swift in Sources */ = {isa = PBXBuildFile; fileRef = C2EA633224CF013E00A62A9F /* ArrayJSONCell.swift */; };
		D09451C7BA316E03B3E3D8FF /* Pods_ParseJSONSwiftyJSONExample.framework in Frameworks */ = {isa = PBXBuildFile; fileRef = 9B3E5D3B403E8EEB41DEA7DE /* Pods_ParseJSONSwiftyJSONExample.framework */; };
/* End PBXBuildFile section */

/* Begin PBXFileReference section */
		350390AB774EABA32E967DA0 /* Pods-ParseJSONSwiftyJSONExample.release.xcconfig */ = {isa = PBXFileReference; includeInIndex = 1; lastKnownFileType = text.xcconfig; name = "Pods-ParseJSONSwiftyJSONExample.release.xcconfig"; path = "Target Support Files/Pods-ParseJSONSwiftyJSONExample/Pods-ParseJSONSwiftyJSONExample.release.xcconfig"; sourceTree = "<group>"; };
		9B3E5D3B403E8EEB41DEA7DE /* Pods_ParseJSONSwiftyJSONExample.framework */ = {isa = PBXFileReference; explicitFileType = wrapper.framework; includeInIndex = 0; path = Pods_ParseJSONSwiftyJSONExample.framework; sourceTree = BUILT_PRODUCTS_DIR; };
		C21AFAEA24CF15D200FED8E2 /* NestedJSONViewController.swift */ = {isa = PBXFileReference; lastKnownFileType = sourcecode.swift; path = NestedJSONViewController.swift; sourceTree = "<group>"; };
		C21AFAEC24CF187200FED8E2 /* NestedJSONModel.swift */ = {isa = PBXFileReference; lastKnownFileType = sourcecode.swift; path = NestedJSONModel.swift; sourceTree = "<group>"; };
		C21AFAEE24CF1E7500FED8E2 /* NestedJSONCell.swift */ = {isa = PBXFileReference; lastKnownFileType = sourcecode.swift; path = NestedJSONCell.swift; sourceTree = "<group>"; };
		C2D6752B24CE32E50080E98F /* ParseJSONSwiftyJSONExample.app */ = {isa = PBXFileReference; explicitFileType = wrapper.application; includeInIndex = 0; path = ParseJSONSwiftyJSONExample.app; sourceTree = BUILT_PRODUCTS_DIR; };
		C2D6752E24CE32E50080E98F /* AppDelegate.swift */ = {isa = PBXFileReference; lastKnownFileType = sourcecode.swift; path = AppDelegate.swift; sourceTree = "<group>"; };
		C2D6753024CE32E50080E98F /* SceneDelegate.swift */ = {isa = PBXFileReference; lastKnownFileType = sourcecode.swift; path = SceneDelegate.swift; sourceTree = "<group>"; };
		C2D6753224CE32E50080E98F /* MainViewController.swift */ = {isa = PBXFileReference; lastKnownFileType = sourcecode.swift; path = MainViewController.swift; sourceTree = "<group>"; };
		C2D6753524CE32E50080E98F /* Base */ = {isa = PBXFileReference; lastKnownFileType = file.storyboard; name = Base; path = Base.lproj/Main.storyboard; sourceTree = "<group>"; };
		C2D6753724CE32E70080E98F /* Assets.xcassets */ = {isa = PBXFileReference; lastKnownFileType = folder.assetcatalog; path = Assets.xcassets; sourceTree = "<group>"; };
		C2D6753A24CE32E70080E98F /* Base */ = {isa = PBXFileReference; lastKnownFileType = file.storyboard; name = Base; path = Base.lproj/LaunchScreen.storyboard; sourceTree = "<group>"; };
		C2D6753C24CE32E70080E98F /* Info.plist */ = {isa = PBXFileReference; lastKnownFileType = text.plist.xml; path = Info.plist; sourceTree = "<group>"; };
		C2DE161924CF05A90018E941 /* ArrayJSONModel.swift */ = {isa = PBXFileReference; lastKnownFileType = sourcecode.swift; path = ArrayJSONModel.swift; sourceTree = "<group>"; };
		C2EA632424CEEF5000A62A9F /* SimpleJSONViewController.swift */ = {isa = PBXFileReference; lastKnownFileType = sourcecode.swift; path = SimpleJSONViewController.swift; sourceTree = "<group>"; };
		C2EA632724CEEFBC00A62A9F /* HttpRequestHelper.swift */ = {isa = PBXFileReference; lastKnownFileType = sourcecode.swift; path = HttpRequestHelper.swift; sourceTree = "<group>"; };
		C2EA632924CEF53A00A62A9F /* PrettyJSONHelper.swift */ = {isa = PBXFileReference; lastKnownFileType = sourcecode.swift; path = PrettyJSONHelper.swift; sourceTree = "<group>"; };
		C2EA632D24CEFA7800A62A9F /* ArrayJSONViewController.swift */ = {isa = PBXFileReference; lastKnownFileType = sourcecode.swift; path = ArrayJSONViewController.swift; sourceTree = "<group>"; };
		C2EA633224CF013E00A62A9F /* ArrayJSONCell.swift */ = {isa = PBXFileReference; lastKnownFileType = sourcecode.swift; path = ArrayJSONCell.swift; sourceTree = "<group>"; };
		EB50CB47D560CE49238AC3E6 /* Pods-ParseJSONSwiftyJSONExample.debug.xcconfig */ = {isa = PBXFileReference; includeInIndex = 1; lastKnownFileType = text.xcconfig; name = "Pods-ParseJSONSwiftyJSONExample.debug.xcconfig"; path = "Target Support Files/Pods-ParseJSONSwiftyJSONExample/Pods-ParseJSONSwiftyJSONExample.debug.xcconfig"; sourceTree = "<group>"; };
/* End PBXFileReference section */

/* Begin PBXFrameworksBuildPhase section */
		C2D6752824CE32E50080E98F /* Frameworks */ = {
			isa = PBXFrameworksBuildPhase;
			buildActionMask = 2147483647;
			files = (
				D09451C7BA316E03B3E3D8FF /* Pods_ParseJSONSwiftyJSONExample.framework in Frameworks */,
			);
			runOnlyForDeploymentPostprocessing = 0;
		};
/* End PBXFrameworksBuildPhase section */

/* Begin PBXGroup section */
		436AB35D103EAB4207A20A43 /* Pods */ = {
			isa = PBXGroup;
			children = (
				EB50CB47D560CE49238AC3E6 /* Pods-ParseJSONSwiftyJSONExample.debug.xcconfig */,
				350390AB774EABA32E967DA0 /* Pods-ParseJSONSwiftyJSONExample.release.xcconfig */,
			);
			path = Pods;
			sourceTree = "<group>";
		};
		C21AFAE924CF15B000FED8E2 /* NestedJSON */ = {
			isa = PBXGroup;
			children = (
				C21AFAEA24CF15D200FED8E2 /* NestedJSONViewController.swift */,
				C21AFAEC24CF187200FED8E2 /* NestedJSONModel.swift */,
				C21AFAEE24CF1E7500FED8E2 /* NestedJSONCell.swift */,
			);
			path = NestedJSON;
			sourceTree = "<group>";
		};
		C2D6752224CE32E50080E98F = {
			isa = PBXGroup;
			children = (
				C2D6752D24CE32E50080E98F /* ParseJSONSwiftyJSONExample */,
				C2D6752C24CE32E50080E98F /* Products */,
				436AB35D103EAB4207A20A43 /* Pods */,
				CAA3B2EFD9F8502E92F05B21 /* Frameworks */,
			);
			sourceTree = "<group>";
		};
		C2D6752C24CE32E50080E98F /* Products */ = {
			isa = PBXGroup;
			children = (
				C2D6752B24CE32E50080E98F /* ParseJSONSwiftyJSONExample.app */,
			);
			name = Products;
			sourceTree = "<group>";
		};
		C2D6752D24CE32E50080E98F /* ParseJSONSwiftyJSONExample */ = {
			isa = PBXGroup;
			children = (
				C2DE161B24CF06790018E941 /* SimpleJSON */,
				C2EA632F24CF010600A62A9F /* ArrayJSON */,
				C21AFAE924CF15B000FED8E2 /* NestedJSON */,
				C2EA632624CEEF9400A62A9F /* Helpers */,
				C2D6752E24CE32E50080E98F /* AppDelegate.swift */,
				C2D6753024CE32E50080E98F /* SceneDelegate.swift */,
				C2D6753224CE32E50080E98F /* MainViewController.swift */,
				C2D6753424CE32E50080E98F /* Main.storyboard */,
				C2D6753724CE32E70080E98F /* Assets.xcassets */,
				C2D6753924CE32E70080E98F /* LaunchScreen.storyboard */,
				C2D6753C24CE32E70080E98F /* Info.plist */,
			);
			path = ParseJSONSwiftyJSONExample;
			sourceTree = "<group>";
		};
		C2DE161B24CF06790018E941 /* SimpleJSON */ = {
			isa = PBXGroup;
			children = (
				C2EA632424CEEF5000A62A9F /* SimpleJSONViewController.swift */,
			);
			path = SimpleJSON;
			sourceTree = "<group>";
		};
		C2EA632624CEEF9400A62A9F /* Helpers */ = {
			isa = PBXGroup;
			children = (
				C2EA632724CEEFBC00A62A9F /* HttpRequestHelper.swift */,
				C2EA632924CEF53A00A62A9F /* PrettyJSONHelper.swift */,
			);
			path = Helpers;
			sourceTree = "<group>";
		};
		C2EA632F24CF010600A62A9F /* ArrayJSON */ = {
			isa = PBXGroup;
			children = (
				C2EA632D24CEFA7800A62A9F /* ArrayJSONViewController.swift */,
				C2EA633224CF013E00A62A9F /* ArrayJSONCell.swift */,
				C2DE161924CF05A90018E941 /* ArrayJSONModel.swift */,
			);
			path = ArrayJSON;
			sourceTree = "<group>";
		};
		CAA3B2EFD9F8502E92F05B21 /* Frameworks */ = {
			isa = PBXGroup;
			children = (
				9B3E5D3B403E8EEB41DEA7DE /* Pods_ParseJSONSwiftyJSONExample.framework */,
			);
			name = Frameworks;
			sourceTree = "<group>";
		};
/* End PBXGroup section */

/* Begin PBXNativeTarget section */
		C2D6752A24CE32E50080E98F /* ParseJSONSwiftyJSONExample */ = {
			isa = PBXNativeTarget;
			buildConfigurationList = C2D6753F24CE32E70080E98F /* Build configuration list for PBXNativeTarget "ParseJSONSwiftyJSONExample" */;
			buildPhases = (
				6CE82D732E2591D6535FB237 /* [CP] Check Pods Manifest.lock */,
				C2D6752724CE32E50080E98F /* Sources */,
				C2D6752824CE32E50080E98F /* Frameworks */,
				C2D6752924CE32E50080E98F /* Resources */,
				D96F5400B67FEC0B92AB3C2E /* [CP] Embed Pods Frameworks */,
			);
			buildRules = (
			);
			dependencies = (
			);
			name = ParseJSONSwiftyJSONExample;
			productName = ParseJSONSwiftyJSONExample;
			productReference = C2D6752B24CE32E50080E98F /* ParseJSONSwiftyJSONExample.app */;
			productType = "com.apple.product-type.application";
		};
/* End PBXNativeTarget section */

/* Begin PBXProject section */
		C2D6752324CE32E50080E98F /* Project object */ = {
			isa = PBXProject;
			attributes = {
				LastSwiftUpdateCheck = 1160;
				LastUpgradeCheck = 1160;
				ORGANIZATIONNAME = "John Codeos";
				TargetAttributes = {
					C2D6752A24CE32E50080E98F = {
						CreatedOnToolsVersion = 11.6;
					};
				};
			};
			buildConfigurationList = C2D6752624CE32E50080E98F /* Build configuration list for PBXProject "ParseJSONSwiftyJSONExample" */;
			compatibilityVersion = "Xcode 9.3";
			developmentRegion = en;
			hasScannedForEncodings = 0;
			knownRegions = (
				en,
				Base,
			);
			mainGroup = C2D6752224CE32E50080E98F;
			productRefGroup = C2D6752C24CE32E50080E98F /* Products */;
			projectDirPath = "";
			projectRoot = "";
			targets = (
				C2D6752A24CE32E50080E98F /* ParseJSONSwiftyJSONExample */,
			);
		};
/* End PBXProject section */

/* Begin PBXResourcesBuildPhase section */
		C2D6752924CE32E50080E98F /* Resources */ = {
			isa = PBXResourcesBuildPhase;
			buildActionMask = 2147483647;
			files = (
				C2D6753B24CE32E70080E98F /* LaunchScreen.storyboard in Resources */,
				C2D6753824CE32E70080E98F /* Assets.xcassets in Resources */,
				C2D6753624CE32E50080E98F /* Main.storyboard in Resources */,
			);
			runOnlyForDeploymentPostprocessing = 0;
		};
/* End PBXResourcesBuildPhase section */

/* Begin PBXShellScriptBuildPhase section */
		6CE82D732E2591D6535FB237 /* [CP] Check Pods Manifest.lock */ = {
			isa = PBXShellScriptBuildPhase;
			buildActionMask = 2147483647;
			files = (
			);
			inputFileListPaths = (
			);
			inputPaths = (
				"${PODS_PODFILE_DIR_PATH}/Podfile.lock",
				"${PODS_ROOT}/Manifest.lock",
			);
			name = "[CP] Check Pods Manifest.lock";
			outputFileListPaths = (
			);
			outputPaths = (
				"$(DERIVED_FILE_DIR)/Pods-ParseJSONSwiftyJSONExample-checkManifestLockResult.txt",
			);
			runOnlyForDeploymentPostprocessing = 0;
			shellPath = /bin/sh;
			shellScript = "diff \"${PODS_PODFILE_DIR_PATH}/Podfile.lock\" \"${PODS_ROOT}/Manifest.lock\" > /dev/null\nif [ $? != 0 ] ; then\n    # print error to STDERR\n    echo \"error: The sandbox is not in sync with the Podfile.lock. Run 'pod install' or update your CocoaPods installation.\" >&2\n    exit 1\nfi\n# This output is used by Xcode 'outputs' to avoid re-running this script phase.\necho \"SUCCESS\" > \"${SCRIPT_OUTPUT_FILE_0}\"\n";
			showEnvVarsInLog = 0;
		};
		D96F5400B67FEC0B92AB3C2E /* [CP] Embed Pods Frameworks */ = {
			isa = PBXShellScriptBuildPhase;
			buildActionMask = 2147483647;
			files = (
			);
			inputFileListPaths = (
				"${PODS_ROOT}/Target Support Files/Pods-ParseJSONSwiftyJSONExample/Pods-ParseJSONSwiftyJSONExample-frameworks-${CONFIGURATION}-input-files.xcfilelist",
			);
			name = "[CP] Embed Pods Frameworks";
			outputFileListPaths = (
				"${PODS_ROOT}/Target Support Files/Pods-ParseJSONSwiftyJSONExample/Pods-ParseJSONSwiftyJSONExample-frameworks-${CONFIGURATION}-output-files.xcfilelist",
			);
			runOnlyForDeploymentPostprocessing = 0;
			shellPath = /bin/sh;
			shellScript = "\"${PODS_ROOT}/Target Support Files/Pods-ParseJSONSwiftyJSONExample/Pods-ParseJSONSwiftyJSONExample-frameworks.sh\"\n";
			showEnvVarsInLog = 0;
		};
/* End PBXShellScriptBuildPhase section */

/* Begin PBXSourcesBuildPhase section */
		C2D6752724CE32E50080E98F /* Sources */ = {
			isa = PBXSourcesBuildPhase;
			buildActionMask = 2147483647;
			files = (
				C2EA632824CEEFBC00A62A9F /* HttpRequestHelper.swift in Sources */,
				C2EA632A24CEF53A00A62A9F /* PrettyJSONHelper.swift in Sources */,
				C2EA632524CEEF5000A62A9F /* SimpleJSONViewController.swift in Sources */,
				C2DE161A24CF05A90018E941 /* ArrayJSONModel.swift in Sources */,
				C2D6753324CE32E50080E98F /* MainViewController.swift in Sources */,
				C2EA632E24CEFA7800A62A9F /* ArrayJSONViewController.swift in Sources */,
				C2D6752F24CE32E50080E98F /* AppDelegate.swift in Sources */,
				C21AFAEB24CF15D200FED8E2 /* NestedJSONViewController.swift in Sources */,
				C21AFAEF24CF1E7500FED8E2 /* NestedJSONCell.swift in Sources */,
				C2D6753124CE32E50080E98F /* SceneDelegate.swift in Sources */,
				C2EA633324CF013E00A62A9F /* ArrayJSONCell.swift in Sources */,
				C21AFAED24CF187200FED8E2 /* NestedJSONModel.swift in Sources */,
			);
			runOnlyForDeploymentPostprocessing = 0;
		};
/* End PBXSourcesBuildPhase section */

/* Begin PBXVariantGroup section */
		C2D6753424CE32E50080E98F /* Main.storyboard */ = {
			isa = PBXVariantGroup;
			children = (
				C2D6753524CE32E50080E98F /* Base */,
			);
			name = Main.storyboard;
			sourceTree = "<group>";
		};
		C2D6753924CE32E70080E98F /* LaunchScreen.storyboard */ = {
			isa = PBXVariantGroup;
			children = (
				C2D6753A24CE32E70080E98F /* Base */,
			);
			name = LaunchScreen.storyboard;
			sourceTree = "<group>";
		};
/* End PBXVariantGroup section */

/* Begin XCBuildConfiguration section */
		C2D6753D24CE32E70080E98F /* Debug */ = {
			isa = XCBuildConfiguration;
			buildSettings = {
				ALWAYS_SEARCH_USER_PATHS = NO;
				CLANG_ANALYZER_NONNULL = YES;
				CLANG_ANALYZER_NUMBER_OBJECT_CONVERSION = YES_AGGRESSIVE;
				CLANG_CXX_LANGUAGE_STANDARD = "gnu++14";
				CLANG_CXX_LIBRARY = "libc++";
				CLANG_ENABLE_MODULES = YES;
				CLANG_ENABLE_OBJC_ARC = YES;
				CLANG_ENABLE_OBJC_WEAK = YES;
				CLANG_WARN_BLOCK_CAPTURE_AUTORELEASING = YES;
				CLANG_WARN_BOOL_CONVERSION = YES;
				CLANG_WARN_COMMA = YES;
				CLANG_WARN_CONSTANT_CONVERSION = YES;
				CLANG_WARN_DEPRECATED_OBJC_IMPLEMENTATIONS = YES;
				CLANG_WARN_DIRECT_OBJC_ISA_USAGE = YES_ERROR;
				CLANG_WARN_DOCUMENTATION_COMMENTS = YES;
				CLANG_WARN_EMPTY_BODY = YES;
				CLANG_WARN_ENUM_CONVERSION = YES;
				CLANG_WARN_INFINITE_RECURSION = YES;
				CLANG_WARN_INT_CONVERSION = YES;
				CLANG_WARN_NON_LITERAL_NULL_CONVERSION = YES;
				CLANG_WARN_OBJC_IMPLICIT_RETAIN_SELF = YES;
				CLANG_WARN_OBJC_LITERAL_CONVERSION = YES;
				CLANG_WARN_OBJC_ROOT_CLASS = YES_ERROR;
				CLANG_WARN_RANGE_LOOP_ANALYSIS = YES;
				CLANG_WARN_STRICT_PROTOTYPES = YES;
				CLANG_WARN_SUSPICIOUS_MOVE = YES;
				CLANG_WARN_UNGUARDED_AVAILABILITY = YES_AGGRESSIVE;
				CLANG_WARN_UNREACHABLE_CODE = YES;
				CLANG_WARN__DUPLICATE_METHOD_MATCH = YES;
				COPY_PHASE_STRIP = NO;
				DEBUG_INFORMATION_FORMAT = dwarf;
				ENABLE_STRICT_OBJC_MSGSEND = YES;
				ENABLE_TESTABILITY = YES;
				GCC_C_LANGUAGE_STANDARD = gnu11;
				GCC_DYNAMIC_NO_PIC = NO;
				GCC_NO_COMMON_BLOCKS = YES;
				GCC_OPTIMIZATION_LEVEL = 0;
				GCC_PREPROCESSOR_DEFINITIONS = (
					"DEBUG=1",
					"$(inherited)",
				);
				GCC_WARN_64_TO_32_BIT_CONVERSION = YES;
				GCC_WARN_ABOUT_RETURN_TYPE = YES_ERROR;
				GCC_WARN_UNDECLARED_SELECTOR = YES;
				GCC_WARN_UNINITIALIZED_AUTOS = YES_AGGRESSIVE;
				GCC_WARN_UNUSED_FUNCTION = YES;
				GCC_WARN_UNUSED_VARIABLE = YES;
				IPHONEOS_DEPLOYMENT_TARGET = 13.6;
				MTL_ENABLE_DEBUG_INFO = INCLUDE_SOURCE;
				MTL_FAST_MATH = YES;
				ONLY_ACTIVE_ARCH = YES;
				SDKROOT = iphoneos;
				SWIFT_ACTIVE_COMPILATION_CONDITIONS = DEBUG;
				SWIFT_OPTIMIZATION_LEVEL = "-Onone";
			};
			name = Debug;
		};
		C2D6753E24CE32E70080E98F /* Release */ = {
			isa = XCBuildConfiguration;
			buildSettings = {
				ALWAYS_SEARCH_USER_PATHS = NO;
				CLANG_ANALYZER_NONNULL = YES;
				CLANG_ANALYZER_NUMBER_OBJECT_CONVERSION = YES_AGGRESSIVE;
				CLANG_CXX_LANGUAGE_STANDARD = "gnu++14";
				CLANG_CXX_LIBRARY = "libc++";
				CLANG_ENABLE_MODULES = YES;
				CLANG_ENABLE_OBJC_ARC = YES;
				CLANG_ENABLE_OBJC_WEAK = YES;
				CLANG_WARN_BLOCK_CAPTURE_AUTORELEASING = YES;
				CLANG_WARN_BOOL_CONVERSION = YES;
				CLANG_WARN_COMMA = YES;
				CLANG_WARN_CONSTANT_CONVERSION = YES;
				CLANG_WARN_DEPRECATED_OBJC_IMPLEMENTATIONS = YES;
				CLANG_WARN_DIRECT_OBJC_ISA_USAGE = YES_ERROR;
				CLANG_WARN_DOCUMENTATION_COMMENTS = YES;
				CLANG_WARN_EMPTY_BODY = YES;
				CLANG_WARN_ENUM_CONVERSION = YES;
				CLANG_WARN_INFINITE_RECURSION = YES;
				CLANG_WARN_INT_CONVERSION = YES;
				CLANG_WARN_NON_LITERAL_NULL_CONVERSION = YES;
				CLANG_WARN_OBJC_IMPLICIT_RETAIN_SELF = YES;
				CLANG_WARN_OBJC_LITERAL_CONVERSION = YES;
				CLANG_WARN_OBJC_ROOT_CLASS = YES_ERROR;
				CLANG_WARN_RANGE_LOOP_ANALYSIS = YES;
				CLANG_WARN_STRICT_PROTOTYPES = YES;
				CLANG_WARN_SUSPICIOUS_MOVE = YES;
				CLANG_WARN_UNGUARDED_AVAILABILITY = YES_AGGRESSIVE;
				CLANG_WARN_UNREACHABLE_CODE = YES;
				CLANG_WARN__DUPLICATE_METHOD_MATCH = YES;
				COPY_PHASE_STRIP = NO;
				DEBUG_INFORMATION_FORMAT = "dwarf-with-dsym";
				ENABLE_NS_ASSERTIONS = NO;
				ENABLE_STRICT_OBJC_MSGSEND = YES;
				GCC_C_LANGUAGE_STANDARD = gnu11;
				GCC_NO_COMMON_BLOCKS = YES;
				GCC_WARN_64_TO_32_BIT_CONVERSION = YES;
				GCC_WARN_ABOUT_RETURN_TYPE = YES_ERROR;
				GCC_WARN_UNDECLARED_SELECTOR = YES;
				GCC_WARN_UNINITIALIZED_AUTOS = YES_AGGRESSIVE;
				GCC_WARN_UNUSED_FUNCTION = YES;
				GCC_WARN_UNUSED_VARIABLE = YES;
				IPHONEOS_DEPLOYMENT_TARGET = 13.6;
				MTL_ENABLE_DEBUG_INFO = NO;
				MTL_FAST_MATH = YES;
				SDKROOT = iphoneos;
				SWIFT_COMPILATION_MODE = wholemodule;
				SWIFT_OPTIMIZATION_LEVEL = "-O";
				VALIDATE_PRODUCT = YES;
			};
			name = Release;
		};
		C2D6754024CE32E70080E98F /* Debug */ = {
			isa = XCBuildConfiguration;
			baseConfigurationReference = EB50CB47D560CE49238AC3E6 /* Pods-ParseJSONSwiftyJSONExample.debug.xcconfig */;
			buildSettings = {
				ASSETCATALOG_COMPILER_APPICON_NAME = AppIcon;
				CODE_SIGN_STYLE = Automatic;
				DEVELOPMENT_TEAM = 6P8Q9Q6J62;
				INFOPLIST_FILE = ParseJSONSwiftyJSONExample/Info.plist;
				IPHONEOS_DEPLOYMENT_TARGET = 13.0;
				LD_RUNPATH_SEARCH_PATHS = (
					"$(inherited)",
					"@executable_path/Frameworks",
				);
				PRODUCT_BUNDLE_IDENTIFIER = com.example.ParseJSONSwiftyJSONExample;
				PRODUCT_NAME = "$(TARGET_NAME)";
				SWIFT_VERSION = 5.0;
				TARGETED_DEVICE_FAMILY = "1,2";
			};
			name = Debug;
		};
		C2D6754124CE32E70080E98F /* Release */ = {
			isa = XCBuildConfiguration;
			baseConfigurationReference = 350390AB774EABA32E967DA0 /* Pods-ParseJSONSwiftyJSONExample.release.xcconfig */;
			buildSettings = {
				ASSETCATALOG_COMPILER_APPICON_NAME = AppIcon;
				CODE_SIGN_STYLE = Automatic;
				DEVELOPMENT_TEAM = 6P8Q9Q6J62;
				INFOPLIST_FILE = ParseJSONSwiftyJSONExample/Info.plist;
				IPHONEOS_DEPLOYMENT_TARGET = 13.0;
				LD_RUNPATH_SEARCH_PATHS = (
					"$(inherited)",
					"@executable_path/Frameworks",
				);
				PRODUCT_BUNDLE_IDENTIFIER = com.example.ParseJSONSwiftyJSONExample;
				PRODUCT_NAME = "$(TARGET_NAME)";
				SWIFT_VERSION = 5.0;
				TARGETED_DEVICE_FAMILY = "1,2";
			};
			name = Release;
		};
/* End XCBuildConfiguration section */

/* Begin XCConfigurationList section */
		C2D6752624CE32E50080E98F /* Build configuration list for PBXProject "ParseJSONSwiftyJSONExample" */ = {
			isa = XCConfigurationList;
			buildConfigurations = (
				C2D6753D24CE32E70080E98F /* Debug */,
				C2D6753E24CE32E70080E98F /* Release */,
			);
			defaultConfigurationIsVisible = 0;
			defaultConfigurationName = Release;
		};
		C2D6753F24CE32E70080E98F /* Build configuration list for PBXNativeTarget "ParseJSONSwiftyJSONExample" */ = {
			isa = XCConfigurationList;
			buildConfigurations = (
				C2D6754024CE32E70080E98F /* Debug */,
				C2D6754124CE32E70080E98F /* Release */,
			);
			defaultConfigurationIsVisible = 0;
			defaultConfigurationName = Release;
		};
/* End XCConfigurationList section */
	};
	rootObject = C2D6752324CE32E50080E98F /* Project object */;
}
